
Microsoft Visual Studio Solution File, Format Version 12.00
# Visual Studio Version 17
VisualStudioVersion = 17.1.31903.286
MinimumVisualStudioVersion = 10.0.40219.1
Project("{FAE04EC0-301F-11D3-BF4B-00C04F79EFBC}") = "Attacker", "Attacker\Attacker.csproj", "{56E1BAA4-1591-41A1-863B-113A6BD4AEA9}"
EndProject
Global
	GlobalSection(SolutionConfigurationPlatforms) = preSolution
		Debug|Any CPU = Debug|Any CPU
		Release|Any CPU = Release|Any CPU
	EndGlobalSection
	GlobalSection(ProjectConfigurationPlatforms) = postSolution
		{56E1BAA4-1591-41A1-863B-113A6BD4AEA9}.Debug|Any CPU.ActiveCfg = Debug|Any CPU
		{56E1BAA4-1591-41A1-863B-113A6BD4AEA9}.Debug|Any CPU.Build.0 = Debug|Any CPU
		{56E1BAA4-1591-41A1-863B-113A6BD4AEA9}.Release|Any CPU.ActiveCfg = Release|Any CPU
		{56E1BAA4-1591-41A1-863B-113A6BD4AEA9}.Release|Any CPU.Build.0 = Release|Any CPU
	EndGlobalSection
	GlobalSection(SolutionProperties) = preSolution
		HideSolutionNode = FALSE
	EndGlobalSection
	GlobalSection(ExtensibilityGlobals) = postSolution
		SolutionGuid = {C1EEE9E3-946D-4D22-B52F-3F7EFE4C7758}
	EndGlobalSection
EndGlobal
